
Microsoft Visual Studio Solution File, Format Version 12.00
# Visual Studio Version 16
VisualStudioVersion = 16.0.30114.105
MinimumVisualStudioVersion = 10.0.40219.1
Project("{9A19103F-16F7-4668-BE54-9A1E7A4F7556}") = "MyStarterKit.Site", "MyStarterKit.Site\MyStarterKit.Site.csproj", "{F269CCE2-FF4E-4D4F-B6BF-605231633A76}"
EndProject
Project("{FAE04EC0-301F-11D3-BF4B-00C04F79EFBC}") = "MyStarterKit.Models", "MyStarterKit.Models\MyStarterKit.Models.csproj", "{DF4425FC-712F-4793-90EE-C2A53B3A8A11}"
EndProject
Project("{FAE04EC0-301F-11D3-BF4B-00C04F79EFBC}") = "MyStarterKit.Core", "MyStarterKit.Core\MyStarterKit.Core.csproj", "{796D65B0-2BCA-4612-927A-056A72DE78EA}"
EndProject
Project("{FAE04EC0-301F-11D3-BF4B-00C04F79EFBC}") = "MyStarterKit", "MyStarterKit\MyStarterKit.csproj", "{0AD5F112-7341-4A48-8203-86A43622185A}"
EndProject
Global
	GlobalSection(SolutionConfigurationPlatforms) = preSolution
		Debug|Any CPU = Debug|Any CPU
		Debug|x64 = Debug|x64
		Debug|x86 = Debug|x86
		Release|Any CPU = Release|Any CPU
		Release|x64 = Release|x64
		Release|x86 = Release|x86
	EndGlobalSection
	GlobalSection(ProjectConfigurationPlatforms) = postSolution
		{F269CCE2-FF4E-4D4F-B6BF-605231633A76}.Debug|Any CPU.ActiveCfg = Debug|Any CPU
		{F269CCE2-FF4E-4D4F-B6BF-605231633A76}.Debug|Any CPU.Build.0 = Debug|Any CPU
		{F269CCE2-FF4E-4D4F-B6BF-605231633A76}.Debug|x64.ActiveCfg = Debug|Any CPU
		{F269CCE2-FF4E-4D4F-B6BF-605231633A76}.Debug|x64.Build.0 = Debug|Any CPU
		{F269CCE2-FF4E-4D4F-B6BF-605231633A76}.Debug|x86.ActiveCfg = Debug|Any CPU
		{F269CCE2-FF4E-4D4F-B6BF-605231633A76}.Debug|x86.Build.0 = Debug|Any CPU
		{F269CCE2-FF4E-4D4F-B6BF-605231633A76}.Release|Any CPU.ActiveCfg = Release|Any CPU
		{F269CCE2-FF4E-4D4F-B6BF-605231633A76}.Release|Any CPU.Build.0 = Release|Any CPU
		{F269CCE2-FF4E-4D4F-B6BF-605231633A76}.Release|x64.ActiveCfg = Release|Any CPU
		{F269CCE2-FF4E-4D4F-B6BF-605231633A76}.Release|x64.Build.0 = Release|Any CPU
		{F269CCE2-FF4E-4D4F-B6BF-605231633A76}.Release|x86.ActiveCfg = Release|Any CPU
		{F269CCE2-FF4E-4D4F-B6BF-605231633A76}.Release|x86.Build.0 = Release|Any CPU
		{DF4425FC-712F-4793-90EE-C2A53B3A8A11}.Debug|Any CPU.ActiveCfg = Debug|Any CPU
		{DF4425FC-712F-4793-90EE-C2A53B3A8A11}.Debug|Any CPU.Build.0 = Debug|Any CPU
		{DF4425FC-712F-4793-90EE-C2A53B3A8A11}.Debug|x64.ActiveCfg = Debug|Any CPU
		{DF4425FC-712F-4793-90EE-C2A53B3A8A11}.Debug|x64.Build.0 = Debug|Any CPU
		{DF4425FC-712F-4793-90EE-C2A53B3A8A11}.Debug|x86.ActiveCfg = Debug|Any CPU
		{DF4425FC-712F-4793-90EE-C2A53B3A8A11}.Debug|x86.Build.0 = Debug|Any CPU
		{DF4425FC-712F-4793-90EE-C2A53B3A8A11}.Release|Any CPU.ActiveCfg = Release|Any CPU
		{DF4425FC-712F-4793-90EE-C2A53B3A8A11}.Release|Any CPU.Build.0 = Release|Any CPU
		{DF4425FC-712F-4793-90EE-C2A53B3A8A11}.Release|x64.ActiveCfg = Release|Any CPU
		{DF4425FC-712F-4793-90EE-C2A53B3A8A11}.Release|x64.Build.0 = Release|Any CPU
		{DF4425FC-712F-4793-90EE-C2A53B3A8A11}.Release|x86.ActiveCfg = Release|Any CPU
		{DF4425FC-712F-4793-90EE-C2A53B3A8A11}.Release|x86.Build.0 = Release|Any CPU
		{796D65B0-2BCA-4612-927A-056A72DE78EA}.Debug|Any CPU.ActiveCfg = Debug|Any CPU
		{796D65B0-2BCA-4612-927A-056A72DE78EA}.Debug|Any CPU.Build.0 = Debug|Any CPU
		{796D65B0-2BCA-4612-927A-056A72DE78EA}.Debug|x64.ActiveCfg = Debug|Any CPU
		{796D65B0-2BCA-4612-927A-056A72DE78EA}.Debug|x64.Build.0 = Debug|Any CPU
		{796D65B0-2BCA-4612-927A-056A72DE78EA}.Debug|x86.ActiveCfg = Debug|Any CPU
		{796D65B0-2BCA-4612-927A-056A72DE78EA}.Debug|x86.Build.0 = Debug|Any CPU
		{796D65B0-2BCA-4612-927A-056A72DE78EA}.Release|Any CPU.ActiveCfg = Release|Any CPU
		{796D65B0-2BCA-4612-927A-056A72DE78EA}.Release|Any CPU.Build.0 = Release|Any CPU
		{796D65B0-2BCA-4612-927A-056A72DE78EA}.Release|x64.ActiveCfg = Release|Any CPU
		{796D65B0-2BCA-4612-927A-056A72DE78EA}.Release|x64.Build.0 = Release|Any CPU
		{796D65B0-2BCA-4612-927A-056A72DE78EA}.Release|x86.ActiveCfg = Release|Any CPU
		{796D65B0-2BCA-4612-927A-056A72DE78EA}.Release|x86.Build.0 = Release|Any CPU
		{0AD5F112-7341-4A48-8203-86A43622185A}.Debug|Any CPU.ActiveCfg = Debug|Any CPU
		{0AD5F112-7341-4A48-8203-86A43622185A}.Debug|Any CPU.Build.0 = Debug|Any CPU
		{0AD5F112-7341-4A48-8203-86A43622185A}.Debug|x64.ActiveCfg = Debug|Any CPU
		{0AD5F112-7341-4A48-8203-86A43622185A}.Debug|x64.Build.0 = Debug|Any CPU
		{0AD5F112-7341-4A48-8203-86A43622185A}.Debug|x86.ActiveCfg = Debug|Any CPU
		{0AD5F112-7341-4A48-8203-86A43622185A}.Debug|x86.Build.0 = Debug|Any CPU
		{0AD5F112-7341-4A48-8203-86A43622185A}.Release|Any CPU.ActiveCfg = Release|Any CPU
		{0AD5F112-7341-4A48-8203-86A43622185A}.Release|Any CPU.Build.0 = Release|Any CPU
		{0AD5F112-7341-4A48-8203-86A43622185A}.Release|x64.ActiveCfg = Release|Any CPU
		{0AD5F112-7341-4A48-8203-86A43622185A}.Release|x64.Build.0 = Release|Any CPU
		{0AD5F112-7341-4A48-8203-86A43622185A}.Release|x86.ActiveCfg = Release|Any CPU
		{0AD5F112-7341-4A48-8203-86A43622185A}.Release|x86.Build.0 = Release|Any CPU
	EndGlobalSection
	GlobalSection(SolutionProperties) = preSolution
		HideSolutionNode = FALSE
	EndGlobalSection
	GlobalSection(ExtensibilityGlobals) = postSolution
		SolutionGuid = {BA04444D-1CF0-494C-A7F4-3BA6A9D8DEC6}
	EndGlobalSection
EndGlobal
